
Microsoft Visual Studio Solution File, Format Version 12.00
# Visual Studio 2012
Project("{2150E333-8FDC-42A3-9474-1A3956D46DE8}") = "Library", "Library", "{7E225E54-3DDF-4E7A-85DE-56FD276405E0}"
EndProject
Project("{2150E333-8FDC-42A3-9474-1A3956D46DE8}") = "Common", "Common", "{F7D01D60-3B7E-45CB-BFA6-1FC6CB72C597}"
EndProject
Project("{2150E333-8FDC-42A3-9474-1A3956D46DE8}") = "Index", "Index", "{ABD1382C-EC78-4EB2-8084-42B49B40C65C}"
EndProject
Project("{2150E333-8FDC-42A3-9474-1A3956D46DE8}") = "Addin", "Addin", "{484BED8F-6531-47FC-89F2-034405994115}"
EndProject
Project("{FAE04EC0-301F-11D3-BF4B-00C04F79EFBC}") = "Lucene.Net", "Library\Addin\Lucene.Net\Lucene.Net.csproj", "{5D4AD9BE-1FFB-41AB-9943-25737971BF57}"
EndProject
Project("{FAE04EC0-301F-11D3-BF4B-00C04F79EFBC}") = "Common", "Common\Common\Common.csproj", "{BC3BEA31-F41D-4D66-A239-EACD8666F754}"
EndProject
Project("{FAE04EC0-301F-11D3-BF4B-00C04F79EFBC}") = "Common.TinyBlog", "Common\Common.TinyBlog\Common.TinyBlog.csproj", "{588F8AED-534E-4F31-8A22-E3D4C9BDDFDF}"
EndProject
Project("{FAE04EC0-301F-11D3-BF4B-00C04F79EFBC}") = "UtilityLib", "Library\UtilityLib\UtilityLib.csproj", "{1AA80867-95AC-4758-B2D7-0C43215DE1B4}"
EndProject
Project("{2150E333-8FDC-42A3-9474-1A3956D46DE8}") = "Search", "Search", "{9AE8EE92-B278-4AA7-B03E-4FD3F12B3B70}"
EndProject
Project("{FAE04EC0-301F-11D3-BF4B-00C04F79EFBC}") = "Query", "Search\Query\Query.csproj", "{633E517B-FBF2-459F-AAE1-2787B1376A04}"
EndProject
Project("{FAE04EC0-301F-11D3-BF4B-00C04F79EFBC}") = "Searcher", "Search\Searcher\Searcher.csproj", "{7D7DDBEF-428C-48A8-8DBE-766A351C3548}"
EndProject
Project("{FAE04EC0-301F-11D3-BF4B-00C04F79EFBC}") = "Indexer", "Index\Indexer\Indexer.csproj", "{8CC9071C-E5DA-47B2-AC5A-1308C11F0F51}"
EndProject
Project("{FAE04EC0-301F-11D3-BF4B-00C04F79EFBC}") = "LuceneExtension", "Library\Addin\LuceneExtension\LuceneExtension.csproj", "{7AA78082-D9A9-4DC8-8CF5-06DA43FAC733}"
EndProject
Project("{2150E333-8FDC-42A3-9474-1A3956D46DE8}") = "Classify", "Classify", "{5633F50B-2C97-4B3A-B6A3-2EE0BCE5B57A}"
EndProject
Project("{FAE04EC0-301F-11D3-BF4B-00C04F79EFBC}") = "Classify", "Classify\Classifier\Classify.csproj", "{25B693C3-2C0A-449D-A7A6-FF5F05350F4D}"
EndProject
Project("{FAE04EC0-301F-11D3-BF4B-00C04F79EFBC}") = "Common.Shell", "Common\Common.Shell\Common.Shell.csproj", "{40E66852-A386-4F86-B686-2265F2EE4A92}"
EndProject
Project("{FAE04EC0-301F-11D3-BF4B-00C04F79EFBC}") = "MCSegment", "Library\Algorithm\MCSegment\MCSegment.csproj", "{EDCE5A1E-6F60-4BE5-8CC3-24D9A3061E58}"
EndProject
Global
	GlobalSection(SolutionConfigurationPlatforms) = preSolution
		Debug|Any CPU = Debug|Any CPU
		Debug|Mixed Platforms = Debug|Mixed Platforms
		Debug|x86 = Debug|x86
		Release|Any CPU = Release|Any CPU
		Release|Mixed Platforms = Release|Mixed Platforms
		Release|x86 = Release|x86
	EndGlobalSection
	GlobalSection(ProjectConfigurationPlatforms) = postSolution
		{5D4AD9BE-1FFB-41AB-9943-25737971BF57}.Debug|Any CPU.ActiveCfg = Debug|Any CPU
		{5D4AD9BE-1FFB-41AB-9943-25737971BF57}.Debug|Any CPU.Build.0 = Debug|Any CPU
		{5D4AD9BE-1FFB-41AB-9943-25737971BF57}.Debug|Mixed Platforms.ActiveCfg = Debug|Any CPU
		{5D4AD9BE-1FFB-41AB-9943-25737971BF57}.Debug|Mixed Platforms.Build.0 = Debug|Any CPU
		{5D4AD9BE-1FFB-41AB-9943-25737971BF57}.Debug|x86.ActiveCfg = Debug|Any CPU
		{5D4AD9BE-1FFB-41AB-9943-25737971BF57}.Release|Any CPU.ActiveCfg = Release|Any CPU
		{5D4AD9BE-1FFB-41AB-9943-25737971BF57}.Release|Any CPU.Build.0 = Release|Any CPU
		{5D4AD9BE-1FFB-41AB-9943-25737971BF57}.Release|Mixed Platforms.ActiveCfg = Release|Any CPU
		{5D4AD9BE-1FFB-41AB-9943-25737971BF57}.Release|Mixed Platforms.Build.0 = Release|Any CPU
		{5D4AD9BE-1FFB-41AB-9943-25737971BF57}.Release|x86.ActiveCfg = Release|Any CPU
		{BC3BEA31-F41D-4D66-A239-EACD8666F754}.Debug|Any CPU.ActiveCfg = Debug|Any CPU
		{BC3BEA31-F41D-4D66-A239-EACD8666F754}.Debug|Any CPU.Build.0 = Debug|Any CPU
		{BC3BEA31-F41D-4D66-A239-EACD8666F754}.Debug|Mixed Platforms.ActiveCfg = Debug|Any CPU
		{BC3BEA31-F41D-4D66-A239-EACD8666F754}.Debug|Mixed Platforms.Build.0 = Debug|Any CPU
		{BC3BEA31-F41D-4D66-A239-EACD8666F754}.Debug|x86.ActiveCfg = Debug|Any CPU
		{BC3BEA31-F41D-4D66-A239-EACD8666F754}.Release|Any CPU.ActiveCfg = Release|Any CPU
		{BC3BEA31-F41D-4D66-A239-EACD8666F754}.Release|Any CPU.Build.0 = Release|Any CPU
		{BC3BEA31-F41D-4D66-A239-EACD8666F754}.Release|Mixed Platforms.ActiveCfg = Release|Any CPU
		{BC3BEA31-F41D-4D66-A239-EACD8666F754}.Release|Mixed Platforms.Build.0 = Release|Any CPU
		{BC3BEA31-F41D-4D66-A239-EACD8666F754}.Release|x86.ActiveCfg = Release|Any CPU
		{588F8AED-534E-4F31-8A22-E3D4C9BDDFDF}.Debug|Any CPU.ActiveCfg = Debug|Any CPU
		{588F8AED-534E-4F31-8A22-E3D4C9BDDFDF}.Debug|Any CPU.Build.0 = Debug|Any CPU
		{588F8AED-534E-4F31-8A22-E3D4C9BDDFDF}.Debug|Mixed Platforms.ActiveCfg = Debug|Any CPU
		{588F8AED-534E-4F31-8A22-E3D4C9BDDFDF}.Debug|Mixed Platforms.Build.0 = Debug|Any CPU
		{588F8AED-534E-4F31-8A22-E3D4C9BDDFDF}.Debug|x86.ActiveCfg = Debug|Any CPU
		{588F8AED-534E-4F31-8A22-E3D4C9BDDFDF}.Release|Any CPU.ActiveCfg = Release|Any CPU
		{588F8AED-534E-4F31-8A22-E3D4C9BDDFDF}.Release|Any CPU.Build.0 = Release|Any CPU
		{588F8AED-534E-4F31-8A22-E3D4C9BDDFDF}.Release|Mixed Platforms.ActiveCfg = Release|Any CPU
		{588F8AED-534E-4F31-8A22-E3D4C9BDDFDF}.Release|Mixed Platforms.Build.0 = Release|Any CPU
		{588F8AED-534E-4F31-8A22-E3D4C9BDDFDF}.Release|x86.ActiveCfg = Release|Any CPU
		{1AA80867-95AC-4758-B2D7-0C43215DE1B4}.Debug|Any CPU.ActiveCfg = Debug|Any CPU
		{1AA80867-95AC-4758-B2D7-0C43215DE1B4}.Debug|Any CPU.Build.0 = Debug|Any CPU
		{1AA80867-95AC-4758-B2D7-0C43215DE1B4}.Debug|Mixed Platforms.ActiveCfg = Debug|Any CPU
		{1AA80867-95AC-4758-B2D7-0C43215DE1B4}.Debug|Mixed Platforms.Build.0 = Debug|Any CPU
		{1AA80867-95AC-4758-B2D7-0C43215DE1B4}.Debug|x86.ActiveCfg = Debug|Any CPU
		{1AA80867-95AC-4758-B2D7-0C43215DE1B4}.Release|Any CPU.ActiveCfg = Release|Any CPU
		{1AA80867-95AC-4758-B2D7-0C43215DE1B4}.Release|Any CPU.Build.0 = Release|Any CPU
		{1AA80867-95AC-4758-B2D7-0C43215DE1B4}.Release|Mixed Platforms.ActiveCfg = Release|Any CPU
		{1AA80867-95AC-4758-B2D7-0C43215DE1B4}.Release|Mixed Platforms.Build.0 = Release|Any CPU
		{1AA80867-95AC-4758-B2D7-0C43215DE1B4}.Release|x86.ActiveCfg = Release|Any CPU
		{633E517B-FBF2-459F-AAE1-2787B1376A04}.Debug|Any CPU.ActiveCfg = Debug|Any CPU
		{633E517B-FBF2-459F-AAE1-2787B1376A04}.Debug|Any CPU.Build.0 = Debug|Any CPU
		{633E517B-FBF2-459F-AAE1-2787B1376A04}.Debug|Mixed Platforms.ActiveCfg = Debug|Any CPU
		{633E517B-FBF2-459F-AAE1-2787B1376A04}.Debug|Mixed Platforms.Build.0 = Debug|Any CPU
		{633E517B-FBF2-459F-AAE1-2787B1376A04}.Debug|x86.ActiveCfg = Debug|Any CPU
		{633E517B-FBF2-459F-AAE1-2787B1376A04}.Release|Any CPU.ActiveCfg = Release|Any CPU
		{633E517B-FBF2-459F-AAE1-2787B1376A04}.Release|Any CPU.Build.0 = Release|Any CPU
		{633E517B-FBF2-459F-AAE1-2787B1376A04}.Release|Mixed Platforms.ActiveCfg = Release|Any CPU
		{633E517B-FBF2-459F-AAE1-2787B1376A04}.Release|Mixed Platforms.Build.0 = Release|Any CPU
		{633E517B-FBF2-459F-AAE1-2787B1376A04}.Release|x86.ActiveCfg = Release|Any CPU
		{7D7DDBEF-428C-48A8-8DBE-766A351C3548}.Debug|Any CPU.ActiveCfg = Debug|Any CPU
		{7D7DDBEF-428C-48A8-8DBE-766A351C3548}.Debug|Any CPU.Build.0 = Debug|Any CPU
		{7D7DDBEF-428C-48A8-8DBE-766A351C3548}.Debug|Mixed Platforms.ActiveCfg = Debug|Any CPU
		{7D7DDBEF-428C-48A8-8DBE-766A351C3548}.Debug|Mixed Platforms.Build.0 = Debug|Any CPU
		{7D7DDBEF-428C-48A8-8DBE-766A351C3548}.Debug|x86.ActiveCfg = Debug|Any CPU
		{7D7DDBEF-428C-48A8-8DBE-766A351C3548}.Release|Any CPU.ActiveCfg = Release|Any CPU
		{7D7DDBEF-428C-48A8-8DBE-766A351C3548}.Release|Any CPU.Build.0 = Release|Any CPU
		{7D7DDBEF-428C-48A8-8DBE-766A351C3548}.Release|Mixed Platforms.ActiveCfg = Release|Any CPU
		{7D7DDBEF-428C-48A8-8DBE-766A351C3548}.Release|Mixed Platforms.Build.0 = Release|Any CPU
		{7D7DDBEF-428C-48A8-8DBE-766A351C3548}.Release|x86.ActiveCfg = Release|Any CPU
		{8CC9071C-E5DA-47B2-AC5A-1308C11F0F51}.Debug|Any CPU.ActiveCfg = Debug|Any CPU
		{8CC9071C-E5DA-47B2-AC5A-1308C11F0F51}.Debug|Any CPU.Build.0 = Debug|Any CPU
		{8CC9071C-E5DA-47B2-AC5A-1308C11F0F51}.Debug|Mixed Platforms.ActiveCfg = Debug|Any CPU
		{8CC9071C-E5DA-47B2-AC5A-1308C11F0F51}.Debug|Mixed Platforms.Build.0 = Debug|Any CPU
		{8CC9071C-E5DA-47B2-AC5A-1308C11F0F51}.Debug|x86.ActiveCfg = Debug|Any CPU
		{8CC9071C-E5DA-47B2-AC5A-1308C11F0F51}.Release|Any CPU.ActiveCfg = Release|Any CPU
		{8CC9071C-E5DA-47B2-AC5A-1308C11F0F51}.Release|Any CPU.Build.0 = Release|Any CPU
		{8CC9071C-E5DA-47B2-AC5A-1308C11F0F51}.Release|Mixed Platforms.ActiveCfg = Release|Any CPU
		{8CC9071C-E5DA-47B2-AC5A-1308C11F0F51}.Release|Mixed Platforms.Build.0 = Release|Any CPU
		{8CC9071C-E5DA-47B2-AC5A-1308C11F0F51}.Release|x86.ActiveCfg = Release|Any CPU
		{7AA78082-D9A9-4DC8-8CF5-06DA43FAC733}.Debug|Any CPU.ActiveCfg = Debug|Any CPU
		{7AA78082-D9A9-4DC8-8CF5-06DA43FAC733}.Debug|Any CPU.Build.0 = Debug|Any CPU
		{7AA78082-D9A9-4DC8-8CF5-06DA43FAC733}.Debug|Mixed Platforms.ActiveCfg = Debug|Any CPU
		{7AA78082-D9A9-4DC8-8CF5-06DA43FAC733}.Debug|Mixed Platforms.Build.0 = Debug|Any CPU
		{7AA78082-D9A9-4DC8-8CF5-06DA43FAC733}.Debug|x86.ActiveCfg = Debug|Any CPU
		{7AA78082-D9A9-4DC8-8CF5-06DA43FAC733}.Release|Any CPU.ActiveCfg = Release|Any CPU
		{7AA78082-D9A9-4DC8-8CF5-06DA43FAC733}.Release|Any CPU.Build.0 = Release|Any CPU
		{7AA78082-D9A9-4DC8-8CF5-06DA43FAC733}.Release|Mixed Platforms.ActiveCfg = Release|Any CPU
		{7AA78082-D9A9-4DC8-8CF5-06DA43FAC733}.Release|Mixed Platforms.Build.0 = Release|Any CPU
		{7AA78082-D9A9-4DC8-8CF5-06DA43FAC733}.Release|x86.ActiveCfg = Release|Any CPU
		{25B693C3-2C0A-449D-A7A6-FF5F05350F4D}.Debug|Any CPU.ActiveCfg = Debug|Any CPU
		{25B693C3-2C0A-449D-A7A6-FF5F05350F4D}.Debug|Any CPU.Build.0 = Debug|Any CPU
		{25B693C3-2C0A-449D-A7A6-FF5F05350F4D}.Debug|Mixed Platforms.ActiveCfg = Debug|Any CPU
		{25B693C3-2C0A-449D-A7A6-FF5F05350F4D}.Debug|Mixed Platforms.Build.0 = Debug|Any CPU
		{25B693C3-2C0A-449D-A7A6-FF5F05350F4D}.Debug|x86.ActiveCfg = Debug|Any CPU
		{25B693C3-2C0A-449D-A7A6-FF5F05350F4D}.Release|Any CPU.ActiveCfg = Release|Any CPU
		{25B693C3-2C0A-449D-A7A6-FF5F05350F4D}.Release|Any CPU.Build.0 = Release|Any CPU
		{25B693C3-2C0A-449D-A7A6-FF5F05350F4D}.Release|Mixed Platforms.ActiveCfg = Release|Any CPU
		{25B693C3-2C0A-449D-A7A6-FF5F05350F4D}.Release|Mixed Platforms.Build.0 = Release|Any CPU
		{25B693C3-2C0A-449D-A7A6-FF5F05350F4D}.Release|x86.ActiveCfg = Release|Any CPU
		{40E66852-A386-4F86-B686-2265F2EE4A92}.Debug|Any CPU.ActiveCfg = Debug|Any CPU
		{40E66852-A386-4F86-B686-2265F2EE4A92}.Debug|Any CPU.Build.0 = Debug|Any CPU
		{40E66852-A386-4F86-B686-2265F2EE4A92}.Debug|Mixed Platforms.ActiveCfg = Debug|Any CPU
		{40E66852-A386-4F86-B686-2265F2EE4A92}.Debug|Mixed Platforms.Build.0 = Debug|Any CPU
		{40E66852-A386-4F86-B686-2265F2EE4A92}.Debug|x86.ActiveCfg = Debug|Any CPU
		{40E66852-A386-4F86-B686-2265F2EE4A92}.Release|Any CPU.ActiveCfg = Release|Any CPU
		{40E66852-A386-4F86-B686-2265F2EE4A92}.Release|Any CPU.Build.0 = Release|Any CPU
		{40E66852-A386-4F86-B686-2265F2EE4A92}.Release|Mixed Platforms.ActiveCfg = Release|Any CPU
		{40E66852-A386-4F86-B686-2265F2EE4A92}.Release|Mixed Platforms.Build.0 = Release|Any CPU
		{40E66852-A386-4F86-B686-2265F2EE4A92}.Release|x86.ActiveCfg = Release|Any CPU
		{EDCE5A1E-6F60-4BE5-8CC3-24D9A3061E58}.Debug|Any CPU.ActiveCfg = Debug|Any CPU
		{EDCE5A1E-6F60-4BE5-8CC3-24D9A3061E58}.Debug|Any CPU.Build.0 = Debug|Any CPU
		{EDCE5A1E-6F60-4BE5-8CC3-24D9A3061E58}.Debug|Mixed Platforms.ActiveCfg = Debug|Any CPU
		{EDCE5A1E-6F60-4BE5-8CC3-24D9A3061E58}.Debug|Mixed Platforms.Build.0 = Debug|Any CPU
		{EDCE5A1E-6F60-4BE5-8CC3-24D9A3061E58}.Debug|x86.ActiveCfg = Debug|Any CPU
		{EDCE5A1E-6F60-4BE5-8CC3-24D9A3061E58}.Release|Any CPU.ActiveCfg = Release|Any CPU
		{EDCE5A1E-6F60-4BE5-8CC3-24D9A3061E58}.Release|Any CPU.Build.0 = Release|Any CPU
		{EDCE5A1E-6F60-4BE5-8CC3-24D9A3061E58}.Release|Mixed Platforms.ActiveCfg = Release|Any CPU
		{EDCE5A1E-6F60-4BE5-8CC3-24D9A3061E58}.Release|Mixed Platforms.Build.0 = Release|Any CPU
		{EDCE5A1E-6F60-4BE5-8CC3-24D9A3061E58}.Release|x86.ActiveCfg = Release|Any CPU
	EndGlobalSection
	GlobalSection(SolutionProperties) = preSolution
		HideSolutionNode = FALSE
	EndGlobalSection
	GlobalSection(NestedProjects) = preSolution
		{484BED8F-6531-47FC-89F2-034405994115} = {7E225E54-3DDF-4E7A-85DE-56FD276405E0}
		{1AA80867-95AC-4758-B2D7-0C43215DE1B4} = {7E225E54-3DDF-4E7A-85DE-56FD276405E0}
		{EDCE5A1E-6F60-4BE5-8CC3-24D9A3061E58} = {7E225E54-3DDF-4E7A-85DE-56FD276405E0}
		{BC3BEA31-F41D-4D66-A239-EACD8666F754} = {F7D01D60-3B7E-45CB-BFA6-1FC6CB72C597}
		{588F8AED-534E-4F31-8A22-E3D4C9BDDFDF} = {F7D01D60-3B7E-45CB-BFA6-1FC6CB72C597}
		{40E66852-A386-4F86-B686-2265F2EE4A92} = {F7D01D60-3B7E-45CB-BFA6-1FC6CB72C597}
		{8CC9071C-E5DA-47B2-AC5A-1308C11F0F51} = {ABD1382C-EC78-4EB2-8084-42B49B40C65C}
		{5D4AD9BE-1FFB-41AB-9943-25737971BF57} = {484BED8F-6531-47FC-89F2-034405994115}
		{7AA78082-D9A9-4DC8-8CF5-06DA43FAC733} = {484BED8F-6531-47FC-89F2-034405994115}
		{633E517B-FBF2-459F-AAE1-2787B1376A04} = {9AE8EE92-B278-4AA7-B03E-4FD3F12B3B70}
		{7D7DDBEF-428C-48A8-8DBE-766A351C3548} = {9AE8EE92-B278-4AA7-B03E-4FD3F12B3B70}
		{25B693C3-2C0A-449D-A7A6-FF5F05350F4D} = {5633F50B-2C97-4B3A-B6A3-2EE0BCE5B57A}
	EndGlobalSection
EndGlobal
